
Microsoft Visual Studio Solution File, Format Version 12.00
# Visual Studio Version 16
VisualStudioVersion = 16.0.30804.86
MinimumVisualStudioVersion = 10.0.40219.1
Project("{FAE04EC0-301F-11D3-BF4B-00C04F79EFBC}") = "Matriz_Thiago", "Matriz_Thiago\Matriz_Thiago.csproj", "{CBB458D3-7320-4D89-958F-3193ECBF95DE}"
EndProject
Global
	GlobalSection(SolutionConfigurationPlatforms) = preSolution
		Debug|Any CPU = Debug|Any CPU
		Release|Any CPU = Release|Any CPU
	EndGlobalSection
	GlobalSection(ProjectConfigurationPlatforms) = postSolution
		{CBB458D3-7320-4D89-958F-3193ECBF95DE}.Debug|Any CPU.ActiveCfg = Debug|Any CPU
		{CBB458D3-7320-4D89-958F-3193ECBF95DE}.Debug|Any CPU.Build.0 = Debug|Any CPU
		{CBB458D3-7320-4D89-958F-3193ECBF95DE}.Release|Any CPU.ActiveCfg = Release|Any CPU
		{CBB458D3-7320-4D89-958F-3193ECBF95DE}.Release|Any CPU.Build.0 = Release|Any CPU
	EndGlobalSection
	GlobalSection(SolutionProperties) = preSolution
		HideSolutionNode = FALSE
	EndGlobalSection
	GlobalSection(ExtensibilityGlobals) = postSolution
		SolutionGuid = {D505EC71-E40A-42DC-B6AA-2AFC8C16AD94}
	EndGlobalSection
EndGlobal
