
Microsoft Visual Studio Solution File, Format Version 12.00
# Visual Studio Version 16
VisualStudioVersion = 16.0.30717.126
MinimumVisualStudioVersion = 10.0.40219.1
Project("{FAE04EC0-301F-11D3-BF4B-00C04F79EFBC}") = "Thiago_SA_02", "Thiago_SA_02\Thiago_SA_02.csproj", "{B90531F3-083E-4D46-9E9E-96D95C381D5D}"
EndProject
Global
	GlobalSection(SolutionConfigurationPlatforms) = preSolution
		Debug|Any CPU = Debug|Any CPU
		Release|Any CPU = Release|Any CPU
	EndGlobalSection
	GlobalSection(ProjectConfigurationPlatforms) = postSolution
		{B90531F3-083E-4D46-9E9E-96D95C381D5D}.Debug|Any CPU.ActiveCfg = Debug|Any CPU
		{B90531F3-083E-4D46-9E9E-96D95C381D5D}.Debug|Any CPU.Build.0 = Debug|Any CPU
		{B90531F3-083E-4D46-9E9E-96D95C381D5D}.Release|Any CPU.ActiveCfg = Release|Any CPU
		{B90531F3-083E-4D46-9E9E-96D95C381D5D}.Release|Any CPU.Build.0 = Release|Any CPU
	EndGlobalSection
	GlobalSection(SolutionProperties) = preSolution
		HideSolutionNode = FALSE
	EndGlobalSection
	GlobalSection(ExtensibilityGlobals) = postSolution
		SolutionGuid = {27EF38EA-7FF1-4B57-8D68-6D632EFCB661}
	EndGlobalSection
EndGlobal
