
Microsoft Visual Studio Solution File, Format Version 12.00
# Visual Studio Version 16
VisualStudioVersion = 16.0.30717.126
MinimumVisualStudioVersion = 10.0.40219.1
Project("{FAE04EC0-301F-11D3-BF4B-00C04F79EFBC}") = "Atividade_Foreach", "Atividade_Foreach\Atividade_Foreach.csproj", "{156AAAEE-4BA3-4C1B-A583-ED46E4CD5760}"
EndProject
Global
	GlobalSection(SolutionConfigurationPlatforms) = preSolution
		Debug|Any CPU = Debug|Any CPU
		Release|Any CPU = Release|Any CPU
	EndGlobalSection
	GlobalSection(ProjectConfigurationPlatforms) = postSolution
		{156AAAEE-4BA3-4C1B-A583-ED46E4CD5760}.Debug|Any CPU.ActiveCfg = Debug|Any CPU
		{156AAAEE-4BA3-4C1B-A583-ED46E4CD5760}.Debug|Any CPU.Build.0 = Debug|Any CPU
		{156AAAEE-4BA3-4C1B-A583-ED46E4CD5760}.Release|Any CPU.ActiveCfg = Release|Any CPU
		{156AAAEE-4BA3-4C1B-A583-ED46E4CD5760}.Release|Any CPU.Build.0 = Release|Any CPU
	EndGlobalSection
	GlobalSection(SolutionProperties) = preSolution
		HideSolutionNode = FALSE
	EndGlobalSection
	GlobalSection(ExtensibilityGlobals) = postSolution
		SolutionGuid = {3724ADA5-EEB4-487B-A77C-71C4D5CF3339}
	EndGlobalSection
EndGlobal
